{
  "pins" : [
    {
      "identity" : "swift-algorithms",
      "kind" : "remoteSourceControl",
      "location" : "https://github.com/apple/swift-algorithms",
      "state" : {
        "revision" : "f6919dfc309e7f1b56224378b11e28bab5bccc42",
        "version" : "1.2.0"
      }
    },
    {
      "identity" : "swift-numerics",
      "kind" : "remoteSourceControl",
      "location" : "https://github.com/apple/swift-numerics.git",
      "state" : {
        "revision" : "0a5bc04095a675662cf24757cc0640aa2204253b",
        "version" : "1.0.2"
      }
    },
    {
      "identity" : "mobile-sdk-rs",
      "kind" : "remoteSourceControl",
      "location" : "https://github.com/spruceid/mobile-sdk-rs.git",
      "state" : {
        "revision" : "d508f610c05a309a3254678d99c17804f04ec1fa",
        "version" : "0.0.25"
      }
    }
  ],
  "version" : 2
}
