{
  "pins" : [
    {
      "identity" : "swift-algorithms",
      "kind" : "remoteSourceControl",
      "location" : "https://github.com/apple/swift-algorithms",
      "state" : {
        "revision" : "f6919dfc309e7f1b56224378b11e28bab5bccc42",
        "version" : "1.2.0"
      }
    },
    {
      "identity" : "swift-numerics",
      "kind" : "remoteSourceControl",
      "location" : "https://github.com/apple/swift-numerics.git",
      "state" : {
        "revision" : "0a5bc04095a675662cf24757cc0640aa2204253b",
        "version" : "1.0.2"
      }
    },
    {
      "identity" : "swiftbackports",
      "kind" : "remoteSourceControl",
      "location" : "https://github.com/shaps80/SwiftBackports",
      "state" : {
        "revision" : "ddca6a237c1ba2291d5a3cc47ec8480ce6e9f805",
        "version" : "1.0.3"
      }
    },
    {
      "identity" : "swiftuibackports",
      "kind" : "remoteSourceControl",
      "location" : "https://github.com/shaps80/SwiftUIBackports.git",
      "state" : {
        "revision" : "f5f23b016eeda6642a0fe1020241af19c9c05556",
        "version" : "2.8.1"
      }
    },
    {
      "identity" : "wallet-sdk-rs",
      "kind" : "remoteSourceControl",
      "location" : "https://github.com/spruceid/wallet-sdk-rs.git",
      "state" : {
        "revision" : "d508f610c05a309a3254678d99c17804f04ec1fa",
        "version" : "0.0.25"
      }
    }
  ],
  "version" : 2
}
